
Microsoft Visual Studio Solution File, Format Version 12.00
# Visual Studio Version 16
VisualStudioVersion = 16.0.31729.503
MinimumVisualStudioVersion = 10.0.40219.1
Project("{FAE04EC0-301F-11D3-BF4B-00C04F79EFBC}") = "Bubble Sort", "Bubble Sort.csproj", "{CF2AEACD-FB4F-42E8-A318-3D04A7C57540}"
EndProject
Global
	GlobalSection(SolutionConfigurationPlatforms) = preSolution
		Debug|Any CPU = Debug|Any CPU
		Release|Any CPU = Release|Any CPU
	EndGlobalSection
	GlobalSection(ProjectConfigurationPlatforms) = postSolution
		{CF2AEACD-FB4F-42E8-A318-3D04A7C57540}.Debug|Any CPU.ActiveCfg = Debug|Any CPU
		{CF2AEACD-FB4F-42E8-A318-3D04A7C57540}.Debug|Any CPU.Build.0 = Debug|Any CPU
		{CF2AEACD-FB4F-42E8-A318-3D04A7C57540}.Release|Any CPU.ActiveCfg = Release|Any CPU
		{CF2AEACD-FB4F-42E8-A318-3D04A7C57540}.Release|Any CPU.Build.0 = Release|Any CPU
	EndGlobalSection
	GlobalSection(SolutionProperties) = preSolution
		HideSolutionNode = FALSE
	EndGlobalSection
	GlobalSection(ExtensibilityGlobals) = postSolution
		SolutionGuid = {B5A25E9C-1AF0-4CBF-899B-7D59A12862AC}
	EndGlobalSection
EndGlobal
